# This file was autogenerated by Stack.
# You should not edit this file by hand.
# For more information, please see the documentation at:
#   https://docs.haskellstack.org/en/stable/lock_files

packages:
- completed:
    hackage: aftovolio-0.6.2.0@sha256:5b3dbdbecffa4a25801fe02006318fda99979ea010cf1d0b9beba17bc0c6afaf,4797
    pantry-tree:
      sha256: b968e3077e716888d4a1e6f48da8651637510a60c4cc0abdef1af4d1b65c655f
      size: 2792
  original:
    hackage: aftovolio-0.6.2.0
- completed:
    hackage: end-of-exe-0.1.2.0@sha256:d8682e6f3332a3e17e8a930963df394c809b2405c3595a0181f3d86a535dd343,1154
    pantry-tree:
      sha256: 8bdc323ad4bd1a48696fbbf069fc836536c757517656637d735cee5fe97efafb
      size: 307
  original:
    hackage: end-of-exe-0.1.2.0
- completed:
    hackage: mmsyn2-array-0.3.1.1@sha256:c55b9057b075af11e44c66db7db200ec249d980bd4b09f4d4ad1b2ac58ced096,1276
    pantry-tree:
      sha256: 918b9f911916f1e2724851e759f5e5adac670fbe5c375e822ae519d2dc8c7838
      size: 263
  original:
    hackage: mmsyn2-array-0.3.1.1
- completed:
    hackage: mmsyn7l-0.9.2.0@sha256:d7918f4cdfbe0ab0e20e9858c64e7ef9a3dd477b18eb05a750bf4018b8d740db,1576
    pantry-tree:
      sha256: c254fe315eb8934dd43219e7a05b33f67c191f47aaf1813a3ddf203b856ec9b0
      size: 352
  original:
    hackage: mmsyn7l-0.9.2.0
- completed:
    hackage: mmsyn7ukr-common-0.3.1.0@sha256:543d2d4b5ac76dc3c62f75f55246589640a862c4a5984150722b65532f633297,1239
    pantry-tree:
      sha256: 423ff9a745f998b08f0a33611e99e5b45a96d5b09c147dfe3d546f956ca01b3c
      size: 522
  original:
    hackage: mmsyn7ukr-common-0.3.1.0
- completed:
    hackage: mmsyn7ukr-array-0.3.0.0@sha256:3f0d1bbce5cd4a08fe837f4a4fdf4a880abd107fcc5ce8b62e92cb7fcfb15d0b,1443
    pantry-tree:
      sha256: 341c4f17019f41f3f2aa9f0c6e9f433958fa0b2f967259e96c828a8b3f1467b8
      size: 492
  original:
    hackage: mmsyn7ukr-array-0.3.0.0
- completed:
    hackage: cli-arguments-0.7.0.0@sha256:1b97e10e295763eaf67d6767177d8a3c89d9957a8debfe393eb19d1dbea3c048,1159
    pantry-tree:
      sha256: 5ea6cc776b53d9483b0af0d6cb01009c8110b9ebf95527f6d928a0be977f0d5b
      size: 518
  original:
    hackage: cli-arguments-0.7.0.0@sha256:1b97e10e295763eaf67d6767177d8a3c89d9957a8debfe393eb19d1dbea3c048,1159
- completed:
    hackage: intermediate-structures-0.1.2.0@sha256:a250a09a077a4b2f32487c2ad7bd7b6bcd972a2bd45bb59d1d566ad36bd240c2,1107
    pantry-tree:
      sha256: 49a3b4550f50976e884db0b7180c3a4739e791f66e91427c8d2ba9cafa76f7e7
      size: 293
  original:
    hackage: intermediate-structures-0.1.2.0@sha256:a250a09a077a4b2f32487c2ad7bd7b6bcd972a2bd45bb59d1d566ad36bd240c2,1107
- completed:
    hackage: lists-flines-0.1.3.0@sha256:338d07ba9aa885b7eb73523b48820ddeb458c6b6be0cdc393b76a02b3c086055,1023
    pantry-tree:
      sha256: 669a81e3f0d81733c95c8166d38f51f8b8044abad840b46507ca1cb93e6bdfc1
      size: 269
  original:
    hackage: lists-flines-0.1.3.0@sha256:338d07ba9aa885b7eb73523b48820ddeb458c6b6be0cdc393b76a02b3c086055,1023
- completed:
    hackage: minmax-0.1.1.0@sha256:012e8d799398547b2fef5c3e3619c5b41d21ba61a52745afcc148248061d0c63,1175
    pantry-tree:
      sha256: f66f8efa641a958d89095b342b94d9d56fe31944e96d0a0b05ec6a5ec2dc61f0
      size: 306
  original:
    hackage: minmax-0.1.1.0@sha256:012e8d799398547b2fef5c3e3619c5b41d21ba61a52745afcc148248061d0c63,1175
- completed:
    hackage: monoid-insertleft-0.1.0.1@sha256:6cd3d72f8f8986d18cd2c533800f0af7b659ecb6407dab827666989dc980d43a,1287
    pantry-tree:
      sha256: 0315172178645badfbb22f6abac38831559203c63193a8fe3ac8a73ccde3390a
      size: 387
  original:
    hackage: monoid-insertleft-0.1.0.1@sha256:6cd3d72f8f8986d18cd2c533800f0af7b659ecb6407dab827666989dc980d43a,1287
- completed:
    hackage: quantizer-0.4.0.0@sha256:9a5585955cdfc01a269aba7cba70646da21e8ddb23f3a06dcfb40c2d7f682b2b,1080
    pantry-tree:
      sha256: 8d426336ce7cd49d4947f7140fe2e0c204231e9cc6de9e13d3273f8e166a3963
      size: 382
  original:
    hackage: quantizer-0.4.0.0@sha256:9a5585955cdfc01a269aba7cba70646da21e8ddb23f3a06dcfb40c2d7f682b2b,1080
- completed:
    hackage: rev-scientific-0.2.1.0@sha256:8b5477274cbc3771773f74f26c875f05ff850b6677824b8066432488bc14962d,1297
    pantry-tree:
      sha256: a9c55717b57b2a127575d0cb634f4cfbbd9fa31e2c0cee72de3d981ca4510ccf
      size: 279
  original:
    hackage: rev-scientific-0.2.1.0@sha256:8b5477274cbc3771773f74f26c875f05ff850b6677824b8066432488bc14962d,1297
- completed:
    hackage: rhythmic-sequences-0.8.0.0@sha256:23ae69c8466302fe54c845d6c451f5e1e8f55da9213a482e26a96b0a26f19cde,1947
    pantry-tree:
      sha256: 4c738becfbcae226b1a0ef8c8141e3855bed962ea0fd70606223e6be0272782a
      size: 355
  original:
    hackage: rhythmic-sequences-0.8.0.0@sha256:23ae69c8466302fe54c845d6c451f5e1e8f55da9213a482e26a96b0a26f19cde,1947
- completed:
    hackage: uniqueness-periods-vector-stats-0.4.0.0@sha256:da62c6978712327d24a327ad271479fa0a5955df0e24bdcf5956ad46cd8a4c6c,1087
    pantry-tree:
      sha256: faaeb671fc4df73961c8aff2bb031a6a26d9a3538f6cfb1d13d5dae69f7abd78
      size: 285
  original:
    hackage: uniqueness-periods-vector-stats-0.4.0.0@sha256:da62c6978712327d24a327ad271479fa0a5955df0e24bdcf5956ad46cd8a4c6c,1087
snapshots:
- completed:
    sha256: 5a59b2a405b3aba3c00188453be172b85893cab8ebc352b1ef58b0eae5d248a2
    size: 650475
    url: https://raw.githubusercontent.com/commercialhaskell/stackage-snapshots/master/lts/20/26.yaml
  original: lts-20.26
